<?xml version="1.0" encoding="utf-8"?>
<Project ToolsVersion="4.0" xmlns="http://schemas.microsoft.com/developer/msbuild/2003">
  <ItemGroup>
    <Filter Include="Source Files">
      <UniqueIdentifier>{c4d560c2-3986-4266-99e6-847ab0e0def9}</UniqueIdentifier>
      <Extensions>cpp</Extensions>
    </Filter>
    <Filter Include="Header Files">
      <UniqueIdentifier>{85af0e2b-588a-447e-a791-31ad7aa8b554}</UniqueIdentifier>
      <Extensions>h</Extensions>
    </Filter>
    <Filter Include="Miscellaneous Files">
      <UniqueIdentifier>{b89701da-f18e-44fe-a040-8efbe0966df3}</UniqueIdentifier>
      <Extensions>txt</Extensions>
    </Filter>
  </ItemGroup>
  <ItemGroup>
    <Text Include="ReadMe.txt">
      <Filter>Miscellaneous Files</Filter>
    </Text>
    <Text Include="Options.txt">
      <Filter>Miscellaneous Files</Filter>
    </Text>
  </ItemGroup>
  <ItemGroup>
    <ClInclude Include="ehm_smoothNode.h">
      <Filter>Header Files</Filter>
    </ClInclude>
  </ItemGroup>
  <ItemGroup>
    <ClCompile Include="ehm_smoothNode.cpp">
      <Filter>Source Files</Filter>
    </ClCompile>
    <ClCompile Include="pluginMain.cpp">
      <Filter>Source Files</Filter>
    </ClCompile>
  </ItemGroup>
</Project>